// !$*UTF8*$!
{
	archiveVersion = 1;
	classes = {
	};
	objectVersion = 50;
	objects = {

/* Begin PBXBuildFile section */
		3D147C8826231F9600EA3914 /* weather_appApp.swift in Sources */ = {isa = PBXBuildFile; fileRef = 3D147C7526231F9500EA3914 /* weather_appApp.swift */; };
		3D147C8926231F9600EA3914 /* weather_appApp.swift in Sources */ = {isa = PBXBuildFile; fileRef = 3D147C7526231F9500EA3914 /* weather_appApp.swift */; };
		3D147C8A26231F9600EA3914 /* ContentView.swift in Sources */ = {isa = PBXBuildFile; fileRef = 3D147C7626231F9500EA3914 /* ContentView.swift */; };
		3D147C8B26231F9600EA3914 /* ContentView.swift in Sources */ = {isa = PBXBuildFile; fileRef = 3D147C7626231F9500EA3914 /* ContentView.swift */; };
		3D147C8C26231F9600EA3914 /* Assets.xcassets in Resources */ = {isa = PBXBuildFile; fileRef = 3D147C7726231F9600EA3914 /* Assets.xcassets */; };
		3D147C8D26231F9600EA3914 /* Assets.xcassets in Resources */ = {isa = PBXBuildFile; fileRef = 3D147C7726231F9600EA3914 /* Assets.xcassets */; };
		3DF591AF2628946600FD2C9B /* network.swift in Sources */ = {isa = PBXBuildFile; fileRef = 3DF591AE2628946600FD2C9B /* network.swift */; };
		3DF591B02628946600FD2C9B /* network.swift in Sources */ = {isa = PBXBuildFile; fileRef = 3DF591AE2628946600FD2C9B /* network.swift */; };
		3DF591B62628951E00FD2C9B /* constants.swift in Sources */ = {isa = PBXBuildFile; fileRef = 3DF591B52628951E00FD2C9B /* constants.swift */; };
		3DF591B72628951E00FD2C9B /* constants.swift in Sources */ = {isa = PBXBuildFile; fileRef = 3DF591B52628951E00FD2C9B /* constants.swift */; };
		3DF7A0932623E440001AC483 /* changeTimeOfDayView.swift in Sources */ = {isa = PBXBuildFile; fileRef = 3DF7A0922623E440001AC483 /* changeTimeOfDayView.swift */; };
		3DF7A0962623E526001AC483 /* changeTimeOfDayView.swift in Sources */ = {isa = PBXBuildFile; fileRef = 3DF7A0922623E440001AC483 /* changeTimeOfDayView.swift */; };
/* End PBXBuildFile section */

/* Begin PBXFileReference section */
		3D147C7526231F9500EA3914 /* weather_appApp.swift */ = {isa = PBXFileReference; lastKnownFileType = sourcecode.swift; path = weather_appApp.swift; sourceTree = "<group>"; };
		3D147C7626231F9500EA3914 /* ContentView.swift */ = {isa = PBXFileReference; lastKnownFileType = sourcecode.swift; path = ContentView.swift; sourceTree = "<group>"; };
		3D147C7726231F9600EA3914 /* Assets.xcassets */ = {isa = PBXFileReference; lastKnownFileType = folder.assetcatalog; path = Assets.xcassets; sourceTree = "<group>"; };
		3D147C7C26231F9600EA3914 /* weather_app.app */ = {isa = PBXFileReference; explicitFileType = wrapper.application; includeInIndex = 0; path = weather_app.app; sourceTree = BUILT_PRODUCTS_DIR; };
		3D147C7F26231F9600EA3914 /* Info.plist */ = {isa = PBXFileReference; lastKnownFileType = text.plist.xml; path = Info.plist; sourceTree = "<group>"; };
		3D147C8426231F9600EA3914 /* weather_app.app */ = {isa = PBXFileReference; explicitFileType = wrapper.application; includeInIndex = 0; path = weather_app.app; sourceTree = BUILT_PRODUCTS_DIR; };
		3D147C8626231F9600EA3914 /* Info.plist */ = {isa = PBXFileReference; lastKnownFileType = text.plist.xml; path = Info.plist; sourceTree = "<group>"; };
		3D147C8726231F9600EA3914 /* macOS.entitlements */ = {isa = PBXFileReference; lastKnownFileType = text.plist.entitlements; path = macOS.entitlements; sourceTree = "<group>"; };
		3DF591AE2628946600FD2C9B /* network.swift */ = {isa = PBXFileReference; lastKnownFileType = sourcecode.swift; path = network.swift; sourceTree = "<group>"; };
		3DF591B52628951E00FD2C9B /* constants.swift */ = {isa = PBXFileReference; lastKnownFileType = sourcecode.swift; path = constants.swift; sourceTree = "<group>"; };
		3DF7A0922623E440001AC483 /* changeTimeOfDayView.swift */ = {isa = PBXFileReference; lastKnownFileType = sourcecode.swift; path = changeTimeOfDayView.swift; sourceTree = "<group>"; };
/* End PBXFileReference section */

/* Begin PBXFrameworksBuildPhase section */
		3D147C7926231F9600EA3914 /* Frameworks */ = {
			isa = PBXFrameworksBuildPhase;
			buildActionMask = 2147483647;
			files = (
			);
			runOnlyForDeploymentPostprocessing = 0;
		};
		3D147C8126231F9600EA3914 /* Frameworks */ = {
			isa = PBXFrameworksBuildPhase;
			buildActionMask = 2147483647;
			files = (
			);
			runOnlyForDeploymentPostprocessing = 0;
		};
/* End PBXFrameworksBuildPhase section */

/* Begin PBXGroup section */
		3D147C6F26231F9500EA3914 = {
			isa = PBXGroup;
			children = (
				3D147C7426231F9500EA3914 /* weather_app */,
				3D147C7E26231F9600EA3914 /* iOS */,
				3D147C8526231F9600EA3914 /* macOS */,
				3D147C7D26231F9600EA3914 /* Products */,
			);
			sourceTree = "<group>";
		};
		3D147C7426231F9500EA3914 /* weather_app */ = {
			isa = PBXGroup;
			children = (
				3D147C7526231F9500EA3914 /* weather_appApp.swift */,
				3DF7A0922623E440001AC483 /* changeTimeOfDayView.swift */,
				3D147C7626231F9500EA3914 /* ContentView.swift */,
				3DF591AE2628946600FD2C9B /* network.swift */,
				3DF591B52628951E00FD2C9B /* constants.swift */,
				3D147C7726231F9600EA3914 /* Assets.xcassets */,
			);
			path = weather_app;
			sourceTree = "<group>";
		};
		3D147C7D26231F9600EA3914 /* Products */ = {
			isa = PBXGroup;
			children = (
				3D147C7C26231F9600EA3914 /* weather_app.app */,
				3D147C8426231F9600EA3914 /* weather_app.app */,
			);
			name = Products;
			sourceTree = "<group>";
		};
		3D147C7E26231F9600EA3914 /* iOS */ = {
			isa = PBXGroup;
			children = (
				3D147C7F26231F9600EA3914 /* Info.plist */,
			);
			path = iOS;
			sourceTree = "<group>";
		};
		3D147C8526231F9600EA3914 /* macOS */ = {
			isa = PBXGroup;
			children = (
				3D147C8626231F9600EA3914 /* Info.plist */,
				3D147C8726231F9600EA3914 /* macOS.entitlements */,
			);
			path = macOS;
			sourceTree = "<group>";
		};
/* End PBXGroup section */

/* Begin PBXNativeTarget section */
		3D147C7B26231F9600EA3914 /* weather_app (iOS) */ = {
			isa = PBXNativeTarget;
			buildConfigurationList = 3D147C9026231F9600EA3914 /* Build configuration list for PBXNativeTarget "weather_app (iOS)" */;
			buildPhases = (
				3D147C7826231F9600EA3914 /* Sources */,
				3D147C7926231F9600EA3914 /* Frameworks */,
				3D147C7A26231F9600EA3914 /* Resources */,
			);
			buildRules = (
			);
			dependencies = (
			);
			name = "weather_app (iOS)";
			productName = "weather_app (iOS)";
			productReference = 3D147C7C26231F9600EA3914 /* weather_app.app */;
			productType = "com.apple.product-type.application";
		};
		3D147C8326231F9600EA3914 /* weather_app (macOS) */ = {
			isa = PBXNativeTarget;
			buildConfigurationList = 3D147C9326231F9600EA3914 /* Build configuration list for PBXNativeTarget "weather_app (macOS)" */;
			buildPhases = (
				3D147C8026231F9600EA3914 /* Sources */,
				3D147C8126231F9600EA3914 /* Frameworks */,
				3D147C8226231F9600EA3914 /* Resources */,
			);
			buildRules = (
			);
			dependencies = (
			);
			name = "weather_app (macOS)";
			productName = "weather_app (macOS)";
			productReference = 3D147C8426231F9600EA3914 /* weather_app.app */;
			productType = "com.apple.product-type.application";
		};
/* End PBXNativeTarget section */

/* Begin PBXProject section */
		3D147C7026231F9500EA3914 /* Project object */ = {
			isa = PBXProject;
			attributes = {
				LastSwiftUpdateCheck = 1240;
				LastUpgradeCheck = 1240;
				TargetAttributes = {
					3D147C7B26231F9600EA3914 = {
						CreatedOnToolsVersion = 12.4;
					};
					3D147C8326231F9600EA3914 = {
						CreatedOnToolsVersion = 12.4;
					};
				};
			};
			buildConfigurationList = 3D147C7326231F9500EA3914 /* Build configuration list for PBXProject "weather_app" */;
			compatibilityVersion = "Xcode 9.3";
			developmentRegion = en;
			hasScannedForEncodings = 0;
			knownRegions = (
				en,
				Base,
			);
			mainGroup = 3D147C6F26231F9500EA3914;
			productRefGroup = 3D147C7D26231F9600EA3914 /* Products */;
			projectDirPath = "";
			projectRoot = "";
			targets = (
				3D147C7B26231F9600EA3914 /* weather_app (iOS) */,
				3D147C8326231F9600EA3914 /* weather_app (macOS) */,
			);
		};
/* End PBXProject section */

/* Begin PBXResourcesBuildPhase section */
		3D147C7A26231F9600EA3914 /* Resources */ = {
			isa = PBXResourcesBuildPhase;
			buildActionMask = 2147483647;
			files = (
				3D147C8C26231F9600EA3914 /* Assets.xcassets in Resources */,
			);
			runOnlyForDeploymentPostprocessing = 0;
		};
		3D147C8226231F9600EA3914 /* Resources */ = {
			isa = PBXResourcesBuildPhase;
			buildActionMask = 2147483647;
			files = (
				3D147C8D26231F9600EA3914 /* Assets.xcassets in Resources */,
			);
			runOnlyForDeploymentPostprocessing = 0;
		};
/* End PBXResourcesBuildPhase section */

/* Begin PBXSourcesBuildPhase section */
		3D147C7826231F9600EA3914 /* Sources */ = {
			isa = PBXSourcesBuildPhase;
			buildActionMask = 2147483647;
			files = (
				3DF7A0932623E440001AC483 /* changeTimeOfDayView.swift in Sources */,
				3D147C8A26231F9600EA3914 /* ContentView.swift in Sources */,
				3DF591AF2628946600FD2C9B /* network.swift in Sources */,
				3DF591B62628951E00FD2C9B /* constants.swift in Sources */,
				3D147C8826231F9600EA3914 /* weather_appApp.swift in Sources */,
			);
			runOnlyForDeploymentPostprocessing = 0;
		};
		3D147C8026231F9600EA3914 /* Sources */ = {
			isa = PBXSourcesBuildPhase;
			buildActionMask = 2147483647;
			files = (
				3DF7A0962623E526001AC483 /* changeTimeOfDayView.swift in Sources */,
				3D147C8B26231F9600EA3914 /* ContentView.swift in Sources */,
				3DF591B02628946600FD2C9B /* network.swift in Sources */,
				3DF591B72628951E00FD2C9B /* constants.swift in Sources */,
				3D147C8926231F9600EA3914 /* weather_appApp.swift in Sources */,
			);
			runOnlyForDeploymentPostprocessing = 0;
		};
/* End PBXSourcesBuildPhase section */

/* Begin XCBuildConfiguration section */
		3D147C8E26231F9600EA3914 /* Debug */ = {
			isa = XCBuildConfiguration;
			buildSettings = {
				ALWAYS_SEARCH_USER_PATHS = NO;
				CLANG_ANALYZER_NONNULL = YES;
				CLANG_ANALYZER_NUMBER_OBJECT_CONVERSION = YES_AGGRESSIVE;
				CLANG_CXX_LANGUAGE_STANDARD = "gnu++14";
				CLANG_CXX_LIBRARY = "libc++";
				CLANG_ENABLE_MODULES = YES;
				CLANG_ENABLE_OBJC_ARC = YES;
				CLANG_ENABLE_OBJC_WEAK = YES;
				CLANG_WARN_BLOCK_CAPTURE_AUTORELEASING = YES;
				CLANG_WARN_BOOL_CONVERSION = YES;
				CLANG_WARN_COMMA = YES;
				CLANG_WARN_CONSTANT_CONVERSION = YES;
				CLANG_WARN_DEPRECATED_OBJC_IMPLEMENTATIONS = YES;
				CLANG_WARN_DIRECT_OBJC_ISA_USAGE = YES_ERROR;
				CLANG_WARN_DOCUMENTATION_COMMENTS = YES;
				CLANG_WARN_EMPTY_BODY = YES;
				CLANG_WARN_ENUM_CONVERSION = YES;
				CLANG_WARN_INFINITE_RECURSION = YES;
				CLANG_WARN_INT_CONVERSION = YES;
				CLANG_WARN_NON_LITERAL_NULL_CONVERSION = YES;
				CLANG_WARN_OBJC_IMPLICIT_RETAIN_SELF = YES;
				CLANG_WARN_OBJC_LITERAL_CONVERSION = YES;
				CLANG_WARN_OBJC_ROOT_CLASS = YES_ERROR;
				CLANG_WARN_QUOTED_INCLUDE_IN_FRAMEWORK_HEADER = YES;
				CLANG_WARN_RANGE_LOOP_ANALYSIS = YES;
				CLANG_WARN_STRICT_PROTOTYPES = YES;
				CLANG_WARN_SUSPICIOUS_MOVE = YES;
				CLANG_WARN_UNGUARDED_AVAILABILITY = YES_AGGRESSIVE;
				CLANG_WARN_UNREACHABLE_CODE = YES;
				CLANG_WARN__DUPLICATE_METHOD_MATCH = YES;
				COPY_PHASE_STRIP = NO;
				DEBUG_INFORMATION_FORMAT = dwarf;
				ENABLE_STRICT_OBJC_MSGSEND = YES;
				ENABLE_TESTABILITY = YES;
				GCC_C_LANGUAGE_STANDARD = gnu11;
				GCC_DYNAMIC_NO_PIC = NO;
				GCC_NO_COMMON_BLOCKS = YES;
				GCC_OPTIMIZATION_LEVEL = 0;
				GCC_PREPROCESSOR_DEFINITIONS = (
					"DEBUG=1",
					"$(inherited)",
				);
				GCC_WARN_64_TO_32_BIT_CONVERSION = YES;
				GCC_WARN_ABOUT_RETURN_TYPE = YES_ERROR;
				GCC_WARN_UNDECLARED_SELECTOR = YES;
				GCC_WARN_UNINITIALIZED_AUTOS = YES_AGGRESSIVE;
				GCC_WARN_UNUSED_FUNCTION = YES;
				GCC_WARN_UNUSED_VARIABLE = YES;
				MTL_ENABLE_DEBUG_INFO = INCLUDE_SOURCE;
				MTL_FAST_MATH = YES;
				ONLY_ACTIVE_ARCH = YES;
				SWIFT_ACTIVE_COMPILATION_CONDITIONS = DEBUG;
				SWIFT_OPTIMIZATION_LEVEL = "-Onone";
			};
			name = Debug;
		};
		3D147C8F26231F9600EA3914 /* Release */ = {
			isa = XCBuildConfiguration;
			buildSettings = {
				ALWAYS_SEARCH_USER_PATHS = NO;
				CLANG_ANALYZER_NONNULL = YES;
				CLANG_ANALYZER_NUMBER_OBJECT_CONVERSION = YES_AGGRESSIVE;
				CLANG_CXX_LANGUAGE_STANDARD = "gnu++14";
				CLANG_CXX_LIBRARY = "libc++";
				CLANG_ENABLE_MODULES = YES;
				CLANG_ENABLE_OBJC_ARC = YES;
				CLANG_ENABLE_OBJC_WEAK = YES;
				CLANG_WARN_BLOCK_CAPTURE_AUTORELEASING = YES;
				CLANG_WARN_BOOL_CONVERSION = YES;
				CLANG_WARN_COMMA = YES;
				CLANG_WARN_CONSTANT_CONVERSION = YES;
				CLANG_WARN_DEPRECATED_OBJC_IMPLEMENTATIONS = YES;
				CLANG_WARN_DIRECT_OBJC_ISA_USAGE = YES_ERROR;
				CLANG_WARN_DOCUMENTATION_COMMENTS = YES;
				CLANG_WARN_EMPTY_BODY = YES;
				CLANG_WARN_ENUM_CONVERSION = YES;
				CLANG_WARN_INFINITE_RECURSION = YES;
				CLANG_WARN_INT_CONVERSION = YES;
				CLANG_WARN_NON_LITERAL_NULL_CONVERSION = YES;
				CLANG_WARN_OBJC_IMPLICIT_RETAIN_SELF = YES;
				CLANG_WARN_OBJC_LITERAL_CONVERSION = YES;
				CLANG_WARN_OBJC_ROOT_CLASS = YES_ERROR;
				CLANG_WARN_QUOTED_INCLUDE_IN_FRAMEWORK_HEADER = YES;
				CLANG_WARN_RANGE_LOOP_ANALYSIS = YES;
				CLANG_WARN_STRICT_PROTOTYPES = YES;
				CLANG_WARN_SUSPICIOUS_MOVE = YES;
				CLANG_WARN_UNGUARDED_AVAILABILITY = YES_AGGRESSIVE;
				CLANG_WARN_UNREACHABLE_CODE = YES;
				CLANG_WARN__DUPLICATE_METHOD_MATCH = YES;
				COPY_PHASE_STRIP = NO;
				DEBUG_INFORMATION_FORMAT = "dwarf-with-dsym";
				ENABLE_NS_ASSERTIONS = NO;
				ENABLE_STRICT_OBJC_MSGSEND = YES;
				GCC_C_LANGUAGE_STANDARD = gnu11;
				GCC_NO_COMMON_BLOCKS = YES;
				GCC_WARN_64_TO_32_BIT_CONVERSION = YES;
				GCC_WARN_ABOUT_RETURN_TYPE = YES_ERROR;
				GCC_WARN_UNDECLARED_SELECTOR = YES;
				GCC_WARN_UNINITIALIZED_AUTOS = YES_AGGRESSIVE;
				GCC_WARN_UNUSED_FUNCTION = YES;
				GCC_WARN_UNUSED_VARIABLE = YES;
				MTL_ENABLE_DEBUG_INFO = NO;
				MTL_FAST_MATH = YES;
				SWIFT_COMPILATION_MODE = wholemodule;
				SWIFT_OPTIMIZATION_LEVEL = "-O";
			};
			name = Release;
		};
		3D147C9126231F9600EA3914 /* Debug */ = {
			isa = XCBuildConfiguration;
			buildSettings = {
				ASSETCATALOG_COMPILER_APPICON_NAME = AppIcon;
				ASSETCATALOG_COMPILER_GLOBAL_ACCENT_COLOR_NAME = AccentColor;
				CODE_SIGN_STYLE = Automatic;
				DEVELOPMENT_TEAM = K93L2F9Z28;
				ENABLE_PREVIEWS = YES;
				INFOPLIST_FILE = iOS/Info.plist;
				IPHONEOS_DEPLOYMENT_TARGET = 14.0;
				LD_RUNPATH_SEARCH_PATHS = (
					"$(inherited)",
					"@executable_path/Frameworks",
				);
				PRODUCT_BUNDLE_IDENTIFIER = "co.maheshj.weather-app";
				PRODUCT_NAME = weather_app;
				SDKROOT = iphoneos;
				SWIFT_VERSION = 5.0;
				TARGETED_DEVICE_FAMILY = "1,2";
			};
			name = Debug;
		};
		3D147C9226231F9600EA3914 /* Release */ = {
			isa = XCBuildConfiguration;
			buildSettings = {
				ASSETCATALOG_COMPILER_APPICON_NAME = AppIcon;
				ASSETCATALOG_COMPILER_GLOBAL_ACCENT_COLOR_NAME = AccentColor;
				CODE_SIGN_STYLE = Automatic;
				DEVELOPMENT_TEAM = K93L2F9Z28;
				ENABLE_PREVIEWS = YES;
				INFOPLIST_FILE = iOS/Info.plist;
				IPHONEOS_DEPLOYMENT_TARGET = 14.0;
				LD_RUNPATH_SEARCH_PATHS = (
					"$(inherited)",
					"@executable_path/Frameworks",
				);
				PRODUCT_BUNDLE_IDENTIFIER = "co.maheshj.weather-app";
				PRODUCT_NAME = weather_app;
				SDKROOT = iphoneos;
				SWIFT_VERSION = 5.0;
				TARGETED_DEVICE_FAMILY = "1,2";
				VALIDATE_PRODUCT = YES;
			};
			name = Release;
		};
		3D147C9426231F9600EA3914 /* Debug */ = {
			isa = XCBuildConfiguration;
			buildSettings = {
				ASSETCATALOG_COMPILER_APPICON_NAME = AppIcon;
				ASSETCATALOG_COMPILER_GLOBAL_ACCENT_COLOR_NAME = AccentColor;
				CODE_SIGN_ENTITLEMENTS = macOS/macOS.entitlements;
				CODE_SIGN_STYLE = Automatic;
				COMBINE_HIDPI_IMAGES = YES;
				DEVELOPMENT_TEAM = K93L2F9Z28;
				ENABLE_HARDENED_RUNTIME = YES;
				ENABLE_PREVIEWS = YES;
				INFOPLIST_FILE = macOS/Info.plist;
				LD_RUNPATH_SEARCH_PATHS = (
					"$(inherited)",
					"@executable_path/../Frameworks",
				);
				MACOSX_DEPLOYMENT_TARGET = 11.0;
				PRODUCT_BUNDLE_IDENTIFIER = "co.maheshj.weather-app";
				PRODUCT_NAME = weather_app;
				SDKROOT = macosx;
				SWIFT_VERSION = 5.0;
			};
			name = Debug;
		};
		3D147C9526231F9600EA3914 /* Release */ = {
			isa = XCBuildConfiguration;
			buildSettings = {
				ASSETCATALOG_COMPILER_APPICON_NAME = AppIcon;
				ASSETCATALOG_COMPILER_GLOBAL_ACCENT_COLOR_NAME = AccentColor;
				CODE_SIGN_ENTITLEMENTS = macOS/macOS.entitlements;
				CODE_SIGN_STYLE = Automatic;
				COMBINE_HIDPI_IMAGES = YES;
				DEVELOPMENT_TEAM = K93L2F9Z28;
				ENABLE_HARDENED_RUNTIME = YES;
				ENABLE_PREVIEWS = YES;
				INFOPLIST_FILE = macOS/Info.plist;
				LD_RUNPATH_SEARCH_PATHS = (
					"$(inherited)",
					"@executable_path/../Frameworks",
				);
				MACOSX_DEPLOYMENT_TARGET = 11.0;
				PRODUCT_BUNDLE_IDENTIFIER = "co.maheshj.weather-app";
				PRODUCT_NAME = weather_app;
				SDKROOT = macosx;
				SWIFT_VERSION = 5.0;
			};
			name = Release;
		};
/* End XCBuildConfiguration section */

/* Begin XCConfigurationList section */
		3D147C7326231F9500EA3914 /* Build configuration list for PBXProject "weather_app" */ = {
			isa = XCConfigurationList;
			buildConfigurations = (
				3D147C8E26231F9600EA3914 /* Debug */,
				3D147C8F26231F9600EA3914 /* Release */,
			);
			defaultConfigurationIsVisible = 0;
			defaultConfigurationName = Release;
		};
		3D147C9026231F9600EA3914 /* Build configuration list for PBXNativeTarget "weather_app (iOS)" */ = {
			isa = XCConfigurationList;
			buildConfigurations = (
				3D147C9126231F9600EA3914 /* Debug */,
				3D147C9226231F9600EA3914 /* Release */,
			);
			defaultConfigurationIsVisible = 0;
			defaultConfigurationName = Release;
		};
		3D147C9326231F9600EA3914 /* Build configuration list for PBXNativeTarget "weather_app (macOS)" */ = {
			isa = XCConfigurationList;
			buildConfigurations = (
				3D147C9426231F9600EA3914 /* Debug */,
				3D147C9526231F9600EA3914 /* Release */,
			);
			defaultConfigurationIsVisible = 0;
			defaultConfigurationName = Release;
		};
/* End XCConfigurationList section */
	};
	rootObject = 3D147C7026231F9500EA3914 /* Project object */;
}
